
Microsoft Visual Studio Solution File, Format Version 12.00
# Visual Studio Version 16
VisualStudioVersion = 16.0.32002.261
MinimumVisualStudioVersion = 10.0.40219.1
Project("{FAE04EC0-301F-11D3-BF4B-00C04F79EFBC}") = "WebApplication1", "WebApplication1.csproj", "{009FD600-23D2-4A64-8CDB-868514B6C632}"
EndProject
Global
	GlobalSection(SolutionConfigurationPlatforms) = preSolution
		Debug|Any CPU = Debug|Any CPU
		Release|Any CPU = Release|Any CPU
	EndGlobalSection
	GlobalSection(ProjectConfigurationPlatforms) = postSolution
		{009FD600-23D2-4A64-8CDB-868514B6C632}.Debug|Any CPU.ActiveCfg = Debug|Any CPU
		{009FD600-23D2-4A64-8CDB-868514B6C632}.Debug|Any CPU.Build.0 = Debug|Any CPU
		{009FD600-23D2-4A64-8CDB-868514B6C632}.Release|Any CPU.ActiveCfg = Release|Any CPU
		{009FD600-23D2-4A64-8CDB-868514B6C632}.Release|Any CPU.Build.0 = Release|Any CPU
	EndGlobalSection
	GlobalSection(SolutionProperties) = preSolution
		HideSolutionNode = FALSE
	EndGlobalSection
	GlobalSection(ExtensibilityGlobals) = postSolution
		SolutionGuid = {9FFEAE18-85E8-4E55-A839-6CE04390CA64}
	EndGlobalSection
EndGlobal
